// !$*UTF8*$!
{
	archiveVersion = 1;
	classes = {
	};
	objectVersion = 50;
	objects = {

/* Begin PBXBuildFile section */
		F888C597269FE8AF0063C40C /* AppDelegate.swift in Sources */ = {isa = PBXBuildFile; fileRef = F888C596269FE8AF0063C40C /* AppDelegate.swift */; };
		F888C599269FE8AF0063C40C /* SceneDelegate.swift in Sources */ = {isa = PBXBuildFile; fileRef = F888C598269FE8AF0063C40C /* SceneDelegate.swift */; };
		F888C59E269FE8AF0063C40C /* Main.storyboard in Resources */ = {isa = PBXBuildFile; fileRef = F888C59C269FE8AF0063C40C /* Main.storyboard */; };
		F888C5A0269FE8B20063C40C /* Assets.xcassets in Resources */ = {isa = PBXBuildFile; fileRef = F888C59F269FE8B20063C40C /* Assets.xcassets */; };
		F888C5A3269FE8B20063C40C /* LaunchScreen.storyboard in Resources */ = {isa = PBXBuildFile; fileRef = F888C5A1269FE8B20063C40C /* LaunchScreen.storyboard */; };
		F888C5B0269FF5980063C40C /* ingredientViewCell.swift in Sources */ = {isa = PBXBuildFile; fileRef = F888C5AF269FF5980063C40C /* ingredientViewCell.swift */; };
		F888C5B4269FFA910063C40C /* ingredientsCollectionViewController.swift in Sources */ = {isa = PBXBuildFile; fileRef = F888C5B3269FFA910063C40C /* ingredientsCollectionViewController.swift */; };
		F888C5B8269FFC650063C40C /* IngredientDataModel.swift in Sources */ = {isa = PBXBuildFile; fileRef = F888C5B7269FFC650063C40C /* IngredientDataModel.swift */; };
		F888C5BE26A006260063C40C /* mainViewController.swift in Sources */ = {isa = PBXBuildFile; fileRef = F888C5BD26A006250063C40C /* mainViewController.swift */; };
		F8CAC2A426A0D97400D98F03 /* recepiDataModel.swift in Sources */ = {isa = PBXBuildFile; fileRef = F8CAC2A326A0D97400D98F03 /* recepiDataModel.swift */; };
		F8CAC2A826A1FDB500D98F03 /* recipeListViewController.swift in Sources */ = {isa = PBXBuildFile; fileRef = F8CAC2A726A1FDB500D98F03 /* recipeListViewController.swift */; };
		F8FE26DF26A07CD300757528 /* recipes.json in Resources */ = {isa = PBXBuildFile; fileRef = F8FE26DE26A07CD300757528 /* recipes.json */; };
		F8FE26E226A0808000757528 /* recipeTableViewCell.swift in Sources */ = {isa = PBXBuildFile; fileRef = F8FE26E126A0808000757528 /* recipeTableViewCell.swift */; };
		F8FE26ED26A09F6D00757528 /* consultRecipes_WS.swift in Sources */ = {isa = PBXBuildFile; fileRef = F8FE26EC26A09F6D00757528 /* consultRecipes_WS.swift */; };
/* End PBXBuildFile section */

/* Begin PBXFileReference section */
		F888C593269FE8AF0063C40C /* puppyRecipes.app */ = {isa = PBXFileReference; explicitFileType = wrapper.application; includeInIndex = 0; path = puppyRecipes.app; sourceTree = BUILT_PRODUCTS_DIR; };
		F888C596269FE8AF0063C40C /* AppDelegate.swift */ = {isa = PBXFileReference; lastKnownFileType = sourcecode.swift; path = AppDelegate.swift; sourceTree = "<group>"; };
		F888C598269FE8AF0063C40C /* SceneDelegate.swift */ = {isa = PBXFileReference; lastKnownFileType = sourcecode.swift; path = SceneDelegate.swift; sourceTree = "<group>"; };
		F888C59D269FE8AF0063C40C /* Base */ = {isa = PBXFileReference; lastKnownFileType = file.storyboard; name = Base; path = Base.lproj/Main.storyboard; sourceTree = "<group>"; };
		F888C59F269FE8B20063C40C /* Assets.xcassets */ = {isa = PBXFileReference; lastKnownFileType = folder.assetcatalog; path = Assets.xcassets; sourceTree = "<group>"; };
		F888C5A2269FE8B20063C40C /* Base */ = {isa = PBXFileReference; lastKnownFileType = file.storyboard; name = Base; path = Base.lproj/LaunchScreen.storyboard; sourceTree = "<group>"; };
		F888C5A4269FE8B20063C40C /* Info.plist */ = {isa = PBXFileReference; lastKnownFileType = text.plist.xml; path = Info.plist; sourceTree = "<group>"; };
		F888C5AF269FF5980063C40C /* ingredientViewCell.swift */ = {isa = PBXFileReference; lastKnownFileType = sourcecode.swift; path = ingredientViewCell.swift; sourceTree = "<group>"; };
		F888C5B3269FFA910063C40C /* ingredientsCollectionViewController.swift */ = {isa = PBXFileReference; lastKnownFileType = sourcecode.swift; path = ingredientsCollectionViewController.swift; sourceTree = "<group>"; };
		F888C5B7269FFC650063C40C /* IngredientDataModel.swift */ = {isa = PBXFileReference; lastKnownFileType = sourcecode.swift; path = IngredientDataModel.swift; sourceTree = "<group>"; };
		F888C5BD26A006250063C40C /* mainViewController.swift */ = {isa = PBXFileReference; lastKnownFileType = sourcecode.swift; path = mainViewController.swift; sourceTree = "<group>"; };
		F8CAC2A326A0D97400D98F03 /* recepiDataModel.swift */ = {isa = PBXFileReference; lastKnownFileType = sourcecode.swift; path = recepiDataModel.swift; sourceTree = "<group>"; };
		F8CAC2A726A1FDB500D98F03 /* recipeListViewController.swift */ = {isa = PBXFileReference; lastKnownFileType = sourcecode.swift; path = recipeListViewController.swift; sourceTree = "<group>"; };
		F8FE26DE26A07CD300757528 /* recipes.json */ = {isa = PBXFileReference; fileEncoding = 4; lastKnownFileType = text.json; path = recipes.json; sourceTree = "<group>"; };
		F8FE26E126A0808000757528 /* recipeTableViewCell.swift */ = {isa = PBXFileReference; lastKnownFileType = sourcecode.swift; path = recipeTableViewCell.swift; sourceTree = "<group>"; };
		F8FE26EC26A09F6D00757528 /* consultRecipes_WS.swift */ = {isa = PBXFileReference; lastKnownFileType = sourcecode.swift; path = consultRecipes_WS.swift; sourceTree = "<group>"; };
/* End PBXFileReference section */

/* Begin PBXFrameworksBuildPhase section */
		F888C590269FE8AF0063C40C /* Frameworks */ = {
			isa = PBXFrameworksBuildPhase;
			buildActionMask = 2147483647;
			files = (
			);
			runOnlyForDeploymentPostprocessing = 0;
		};
/* End PBXFrameworksBuildPhase section */

/* Begin PBXGroup section */
		F888C58A269FE8AF0063C40C = {
			isa = PBXGroup;
			children = (
				F888C595269FE8AF0063C40C /* puppyRecipes */,
			);
			sourceTree = "<group>";
		};
		F888C594269FE8AF0063C40C /* Products */ = {
			isa = PBXGroup;
			children = (
				F888C593269FE8AF0063C40C /* puppyRecipes.app */,
			);
			name = Products;
			path = ..;
			sourceTree = "<group>";
		};
		F888C595269FE8AF0063C40C /* puppyRecipes */ = {
			isa = PBXGroup;
			children = (
				F888C5AC269FE8D10063C40C /* Model */,
				F888C5AA269FE8B90063C40C /* View */,
				F888C5AD269FE8E70063C40C /* Controller */,
				F888C596269FE8AF0063C40C /* AppDelegate.swift */,
				F888C598269FE8AF0063C40C /* SceneDelegate.swift */,
				F888C59F269FE8B20063C40C /* Assets.xcassets */,
				F888C5A1269FE8B20063C40C /* LaunchScreen.storyboard */,
				F888C5A4269FE8B20063C40C /* Info.plist */,
				F888C594269FE8AF0063C40C /* Products */,
			);
			path = puppyRecipes;
			sourceTree = "<group>";
		};
		F888C5AA269FE8B90063C40C /* View */ = {
			isa = PBXGroup;
			children = (
				F888C59C269FE8AF0063C40C /* Main.storyboard */,
				F888C5AF269FF5980063C40C /* ingredientViewCell.swift */,
				F8FE26E126A0808000757528 /* recipeTableViewCell.swift */,
			);
			path = View;
			sourceTree = "<group>";
		};
		F888C5AC269FE8D10063C40C /* Model */ = {
			isa = PBXGroup;
			children = (
				F8FE26DE26A07CD300757528 /* recipes.json */,
				F8FE26EC26A09F6D00757528 /* consultRecipes_WS.swift */,
				F888C5B7269FFC650063C40C /* IngredientDataModel.swift */,
				F8CAC2A326A0D97400D98F03 /* recepiDataModel.swift */,
			);
			path = Model;
			sourceTree = "<group>";
		};
		F888C5AD269FE8E70063C40C /* Controller */ = {
			isa = PBXGroup;
			children = (
				F888C5BD26A006250063C40C /* mainViewController.swift */,
				F888C5B3269FFA910063C40C /* ingredientsCollectionViewController.swift */,
				F8CAC2A726A1FDB500D98F03 /* recipeListViewController.swift */,
			);
			path = Controller;
			sourceTree = "<group>";
		};
/* End PBXGroup section */

/* Begin PBXNativeTarget section */
		F888C592269FE8AF0063C40C /* puppyRecipes */ = {
			isa = PBXNativeTarget;
			buildConfigurationList = F888C5A7269FE8B20063C40C /* Build configuration list for PBXNativeTarget "puppyRecipes" */;
			buildPhases = (
				F888C58F269FE8AF0063C40C /* Sources */,
				F888C590269FE8AF0063C40C /* Frameworks */,
				F888C591269FE8AF0063C40C /* Resources */,
			);
			buildRules = (
			);
			dependencies = (
			);
			name = puppyRecipes;
			productName = puppyRecipes;
			productReference = F888C593269FE8AF0063C40C /* puppyRecipes.app */;
			productType = "com.apple.product-type.application";
		};
/* End PBXNativeTarget section */

/* Begin PBXProject section */
		F888C58B269FE8AF0063C40C /* Project object */ = {
			isa = PBXProject;
			attributes = {
				LastSwiftUpdateCheck = 1220;
				LastUpgradeCheck = 1220;
				TargetAttributes = {
					F888C592269FE8AF0063C40C = {
						CreatedOnToolsVersion = 12.2;
					};
				};
			};
			buildConfigurationList = F888C58E269FE8AF0063C40C /* Build configuration list for PBXProject "RecipePuppy" */;
			compatibilityVersion = "Xcode 9.3";
			developmentRegion = en;
			hasScannedForEncodings = 0;
			knownRegions = (
				en,
				Base,
			);
			mainGroup = F888C58A269FE8AF0063C40C;
			productRefGroup = F888C594269FE8AF0063C40C /* Products */;
			projectDirPath = "";
			projectRoot = "";
			targets = (
				F888C592269FE8AF0063C40C /* puppyRecipes */,
			);
		};
/* End PBXProject section */

/* Begin PBXResourcesBuildPhase section */
		F888C591269FE8AF0063C40C /* Resources */ = {
			isa = PBXResourcesBuildPhase;
			buildActionMask = 2147483647;
			files = (
				F888C5A3269FE8B20063C40C /* LaunchScreen.storyboard in Resources */,
				F888C5A0269FE8B20063C40C /* Assets.xcassets in Resources */,
				F888C59E269FE8AF0063C40C /* Main.storyboard in Resources */,
				F8FE26DF26A07CD300757528 /* recipes.json in Resources */,
			);
			runOnlyForDeploymentPostprocessing = 0;
		};
/* End PBXResourcesBuildPhase section */

/* Begin PBXSourcesBuildPhase section */
		F888C58F269FE8AF0063C40C /* Sources */ = {
			isa = PBXSourcesBuildPhase;
			buildActionMask = 2147483647;
			files = (
				F888C597269FE8AF0063C40C /* AppDelegate.swift in Sources */,
				F888C5B8269FFC650063C40C /* IngredientDataModel.swift in Sources */,
				F8CAC2A826A1FDB500D98F03 /* recipeListViewController.swift in Sources */,
				F8CAC2A426A0D97400D98F03 /* recepiDataModel.swift in Sources */,
				F888C5B4269FFA910063C40C /* ingredientsCollectionViewController.swift in Sources */,
				F8FE26E226A0808000757528 /* recipeTableViewCell.swift in Sources */,
				F8FE26ED26A09F6D00757528 /* consultRecipes_WS.swift in Sources */,
				F888C599269FE8AF0063C40C /* SceneDelegate.swift in Sources */,
				F888C5B0269FF5980063C40C /* ingredientViewCell.swift in Sources */,
				F888C5BE26A006260063C40C /* mainViewController.swift in Sources */,
			);
			runOnlyForDeploymentPostprocessing = 0;
		};
/* End PBXSourcesBuildPhase section */

/* Begin PBXVariantGroup section */
		F888C59C269FE8AF0063C40C /* Main.storyboard */ = {
			isa = PBXVariantGroup;
			children = (
				F888C59D269FE8AF0063C40C /* Base */,
			);
			name = Main.storyboard;
			sourceTree = "<group>";
		};
		F888C5A1269FE8B20063C40C /* LaunchScreen.storyboard */ = {
			isa = PBXVariantGroup;
			children = (
				F888C5A2269FE8B20063C40C /* Base */,
			);
			name = LaunchScreen.storyboard;
			sourceTree = "<group>";
		};
/* End PBXVariantGroup section */

/* Begin XCBuildConfiguration section */
		F888C5A5269FE8B20063C40C /* Debug */ = {
			isa = XCBuildConfiguration;
			buildSettings = {
				ALWAYS_SEARCH_USER_PATHS = NO;
				CLANG_ANALYZER_NONNULL = YES;
				CLANG_ANALYZER_NUMBER_OBJECT_CONVERSION = YES_AGGRESSIVE;
				CLANG_CXX_LANGUAGE_STANDARD = "gnu++14";
				CLANG_CXX_LIBRARY = "libc++";
				CLANG_ENABLE_MODULES = YES;
				CLANG_ENABLE_OBJC_ARC = YES;
				CLANG_ENABLE_OBJC_WEAK = YES;
				CLANG_WARN_BLOCK_CAPTURE_AUTORELEASING = YES;
				CLANG_WARN_BOOL_CONVERSION = YES;
				CLANG_WARN_COMMA = YES;
				CLANG_WARN_CONSTANT_CONVERSION = YES;
				CLANG_WARN_DEPRECATED_OBJC_IMPLEMENTATIONS = YES;
				CLANG_WARN_DIRECT_OBJC_ISA_USAGE = YES_ERROR;
				CLANG_WARN_DOCUMENTATION_COMMENTS = YES;
				CLANG_WARN_EMPTY_BODY = YES;
				CLANG_WARN_ENUM_CONVERSION = YES;
				CLANG_WARN_INFINITE_RECURSION = YES;
				CLANG_WARN_INT_CONVERSION = YES;
				CLANG_WARN_NON_LITERAL_NULL_CONVERSION = YES;
				CLANG_WARN_OBJC_IMPLICIT_RETAIN_SELF = YES;
				CLANG_WARN_OBJC_LITERAL_CONVERSION = YES;
				CLANG_WARN_OBJC_ROOT_CLASS = YES_ERROR;
				CLANG_WARN_QUOTED_INCLUDE_IN_FRAMEWORK_HEADER = YES;
				CLANG_WARN_RANGE_LOOP_ANALYSIS = YES;
				CLANG_WARN_STRICT_PROTOTYPES = YES;
				CLANG_WARN_SUSPICIOUS_MOVE = YES;
				CLANG_WARN_UNGUARDED_AVAILABILITY = YES_AGGRESSIVE;
				CLANG_WARN_UNREACHABLE_CODE = YES;
				CLANG_WARN__DUPLICATE_METHOD_MATCH = YES;
				COPY_PHASE_STRIP = NO;
				DEBUG_INFORMATION_FORMAT = dwarf;
				ENABLE_STRICT_OBJC_MSGSEND = YES;
				ENABLE_TESTABILITY = YES;
				GCC_C_LANGUAGE_STANDARD = gnu11;
				GCC_DYNAMIC_NO_PIC = NO;
				GCC_NO_COMMON_BLOCKS = YES;
				GCC_OPTIMIZATION_LEVEL = 0;
				GCC_PREPROCESSOR_DEFINITIONS = (
					"DEBUG=1",
					"$(inherited)",
				);
				GCC_WARN_64_TO_32_BIT_CONVERSION = YES;
				GCC_WARN_ABOUT_RETURN_TYPE = YES_ERROR;
				GCC_WARN_UNDECLARED_SELECTOR = YES;
				GCC_WARN_UNINITIALIZED_AUTOS = YES_AGGRESSIVE;
				GCC_WARN_UNUSED_FUNCTION = YES;
				GCC_WARN_UNUSED_VARIABLE = YES;
				IPHONEOS_DEPLOYMENT_TARGET = 14.2;
				MTL_ENABLE_DEBUG_INFO = INCLUDE_SOURCE;
				MTL_FAST_MATH = YES;
				ONLY_ACTIVE_ARCH = YES;
				SDKROOT = iphoneos;
				SWIFT_ACTIVE_COMPILATION_CONDITIONS = DEBUG;
				SWIFT_OPTIMIZATION_LEVEL = "-Onone";
			};
			name = Debug;
		};
		F888C5A6269FE8B20063C40C /* Release */ = {
			isa = XCBuildConfiguration;
			buildSettings = {
				ALWAYS_SEARCH_USER_PATHS = NO;
				CLANG_ANALYZER_NONNULL = YES;
				CLANG_ANALYZER_NUMBER_OBJECT_CONVERSION = YES_AGGRESSIVE;
				CLANG_CXX_LANGUAGE_STANDARD = "gnu++14";
				CLANG_CXX_LIBRARY = "libc++";
				CLANG_ENABLE_MODULES = YES;
				CLANG_ENABLE_OBJC_ARC = YES;
				CLANG_ENABLE_OBJC_WEAK = YES;
				CLANG_WARN_BLOCK_CAPTURE_AUTORELEASING = YES;
				CLANG_WARN_BOOL_CONVERSION = YES;
				CLANG_WARN_COMMA = YES;
				CLANG_WARN_CONSTANT_CONVERSION = YES;
				CLANG_WARN_DEPRECATED_OBJC_IMPLEMENTATIONS = YES;
				CLANG_WARN_DIRECT_OBJC_ISA_USAGE = YES_ERROR;
				CLANG_WARN_DOCUMENTATION_COMMENTS = YES;
				CLANG_WARN_EMPTY_BODY = YES;
				CLANG_WARN_ENUM_CONVERSION = YES;
				CLANG_WARN_INFINITE_RECURSION = YES;
				CLANG_WARN_INT_CONVERSION = YES;
				CLANG_WARN_NON_LITERAL_NULL_CONVERSION = YES;
				CLANG_WARN_OBJC_IMPLICIT_RETAIN_SELF = YES;
				CLANG_WARN_OBJC_LITERAL_CONVERSION = YES;
				CLANG_WARN_OBJC_ROOT_CLASS = YES_ERROR;
				CLANG_WARN_QUOTED_INCLUDE_IN_FRAMEWORK_HEADER = YES;
				CLANG_WARN_RANGE_LOOP_ANALYSIS = YES;
				CLANG_WARN_STRICT_PROTOTYPES = YES;
				CLANG_WARN_SUSPICIOUS_MOVE = YES;
				CLANG_WARN_UNGUARDED_AVAILABILITY = YES_AGGRESSIVE;
				CLANG_WARN_UNREACHABLE_CODE = YES;
				CLANG_WARN__DUPLICATE_METHOD_MATCH = YES;
				COPY_PHASE_STRIP = NO;
				DEBUG_INFORMATION_FORMAT = "dwarf-with-dsym";
				ENABLE_NS_ASSERTIONS = NO;
				ENABLE_STRICT_OBJC_MSGSEND = YES;
				GCC_C_LANGUAGE_STANDARD = gnu11;
				GCC_NO_COMMON_BLOCKS = YES;
				GCC_WARN_64_TO_32_BIT_CONVERSION = YES;
				GCC_WARN_ABOUT_RETURN_TYPE = YES_ERROR;
				GCC_WARN_UNDECLARED_SELECTOR = YES;
				GCC_WARN_UNINITIALIZED_AUTOS = YES_AGGRESSIVE;
				GCC_WARN_UNUSED_FUNCTION = YES;
				GCC_WARN_UNUSED_VARIABLE = YES;
				IPHONEOS_DEPLOYMENT_TARGET = 14.2;
				MTL_ENABLE_DEBUG_INFO = NO;
				MTL_FAST_MATH = YES;
				SDKROOT = iphoneos;
				SWIFT_COMPILATION_MODE = wholemodule;
				SWIFT_OPTIMIZATION_LEVEL = "-O";
				VALIDATE_PRODUCT = YES;
			};
			name = Release;
		};
		F888C5A8269FE8B20063C40C /* Debug */ = {
			isa = XCBuildConfiguration;
			buildSettings = {
				ASSETCATALOG_COMPILER_APPICON_NAME = AppIcon;
				ASSETCATALOG_COMPILER_GLOBAL_ACCENT_COLOR_NAME = AccentColor;
				CODE_SIGN_STYLE = Automatic;
				DEVELOPMENT_TEAM = CW258F53ZA;
				INFOPLIST_FILE = puppyRecipes/Info.plist;
				IPHONEOS_DEPLOYMENT_TARGET = 12.0;
				LD_RUNPATH_SEARCH_PATHS = (
					"$(inherited)",
					"@executable_path/Frameworks",
				);
				PRODUCT_BUNDLE_IDENTIFIER = sme.Angeles.puppyRecipes;
				PRODUCT_NAME = "$(TARGET_NAME)";
				SWIFT_VERSION = 5.0;
				TARGETED_DEVICE_FAMILY = 1;
			};
			name = Debug;
		};
		F888C5A9269FE8B20063C40C /* Release */ = {
			isa = XCBuildConfiguration;
			buildSettings = {
				ASSETCATALOG_COMPILER_APPICON_NAME = AppIcon;
				ASSETCATALOG_COMPILER_GLOBAL_ACCENT_COLOR_NAME = AccentColor;
				CODE_SIGN_STYLE = Automatic;
				DEVELOPMENT_TEAM = CW258F53ZA;
				INFOPLIST_FILE = puppyRecipes/Info.plist;
				IPHONEOS_DEPLOYMENT_TARGET = 12.0;
				LD_RUNPATH_SEARCH_PATHS = (
					"$(inherited)",
					"@executable_path/Frameworks",
				);
				PRODUCT_BUNDLE_IDENTIFIER = sme.Angeles.puppyRecipes;
				PRODUCT_NAME = "$(TARGET_NAME)";
				SWIFT_VERSION = 5.0;
				TARGETED_DEVICE_FAMILY = 1;
			};
			name = Release;
		};
/* End XCBuildConfiguration section */

/* Begin XCConfigurationList section */
		F888C58E269FE8AF0063C40C /* Build configuration list for PBXProject "RecipePuppy" */ = {
			isa = XCConfigurationList;
			buildConfigurations = (
				F888C5A5269FE8B20063C40C /* Debug */,
				F888C5A6269FE8B20063C40C /* Release */,
			);
			defaultConfigurationIsVisible = 0;
			defaultConfigurationName = Release;
		};
		F888C5A7269FE8B20063C40C /* Build configuration list for PBXNativeTarget "puppyRecipes" */ = {
			isa = XCConfigurationList;
			buildConfigurations = (
				F888C5A8269FE8B20063C40C /* Debug */,
				F888C5A9269FE8B20063C40C /* Release */,
			);
			defaultConfigurationIsVisible = 0;
			defaultConfigurationName = Release;
		};
/* End XCConfigurationList section */
	};
	rootObject = F888C58B269FE8AF0063C40C /* Project object */;
}
